
Microsoft Visual Studio Solution File, Format Version 12.00
# Visual Studio 14
VisualStudioVersion = 14.0.25420.1
MinimumVisualStudioVersion = 10.0.40219.1
Project("{FAE04EC0-301F-11D3-BF4B-00C04F79EFBC}") = "Library.Web", "Library.Web\Library.Web.csproj", "{4AC386A0-F386-4AA8-B0EB-DA1789F6E556}"
EndProject
Project("{FAE04EC0-301F-11D3-BF4B-00C04F79EFBC}") = "Library.Tests", "Library.Tests\Library.Tests.csproj", "{ECF3F097-D4A6-4A30-98AF-0F598AFF8302}"
EndProject
Project("{FAE04EC0-301F-11D3-BF4B-00C04F79EFBC}") = "Library.ObjectModel", "Library.ObjectModel\Library.ObjectModel.csproj", "{7F35242B-FE3E-4C92-A08E-770A2523ACFF}"
EndProject
Project("{FAE04EC0-301F-11D3-BF4B-00C04F79EFBC}") = "Library.Services", "Library.Services\Library.Services.csproj", "{075F1D33-C463-430F-981F-30BCF37ACE73}"
EndProject
Project("{FAE04EC0-301F-11D3-BF4B-00C04F79EFBC}") = "Library.Services.Impls", "Library.Services.Impls\Library.Services.Impls.csproj", "{337647FC-32A5-44C9-9DE2-EAEAF107D02A}"
EndProject
Project("{FAE04EC0-301F-11D3-BF4B-00C04F79EFBC}") = "Library.Common", "Library.Common\Library.Common.csproj", "{647C22B5-E119-492E-B725-4C1149D93971}"
EndProject
Global
	GlobalSection(SolutionConfigurationPlatforms) = preSolution
		Debug|Any CPU = Debug|Any CPU
		Release|Any CPU = Release|Any CPU
	EndGlobalSection
	GlobalSection(ProjectConfigurationPlatforms) = postSolution
		{4AC386A0-F386-4AA8-B0EB-DA1789F6E556}.Debug|Any CPU.ActiveCfg = Debug|Any CPU
		{4AC386A0-F386-4AA8-B0EB-DA1789F6E556}.Debug|Any CPU.Build.0 = Debug|Any CPU
		{4AC386A0-F386-4AA8-B0EB-DA1789F6E556}.Release|Any CPU.ActiveCfg = Release|Any CPU
		{4AC386A0-F386-4AA8-B0EB-DA1789F6E556}.Release|Any CPU.Build.0 = Release|Any CPU
		{ECF3F097-D4A6-4A30-98AF-0F598AFF8302}.Debug|Any CPU.ActiveCfg = Debug|Any CPU
		{ECF3F097-D4A6-4A30-98AF-0F598AFF8302}.Debug|Any CPU.Build.0 = Debug|Any CPU
		{ECF3F097-D4A6-4A30-98AF-0F598AFF8302}.Release|Any CPU.ActiveCfg = Release|Any CPU
		{ECF3F097-D4A6-4A30-98AF-0F598AFF8302}.Release|Any CPU.Build.0 = Release|Any CPU
		{7F35242B-FE3E-4C92-A08E-770A2523ACFF}.Debug|Any CPU.ActiveCfg = Debug|Any CPU
		{7F35242B-FE3E-4C92-A08E-770A2523ACFF}.Debug|Any CPU.Build.0 = Debug|Any CPU
		{7F35242B-FE3E-4C92-A08E-770A2523ACFF}.Release|Any CPU.ActiveCfg = Release|Any CPU
		{7F35242B-FE3E-4C92-A08E-770A2523ACFF}.Release|Any CPU.Build.0 = Release|Any CPU
		{075F1D33-C463-430F-981F-30BCF37ACE73}.Debug|Any CPU.ActiveCfg = Debug|Any CPU
		{075F1D33-C463-430F-981F-30BCF37ACE73}.Debug|Any CPU.Build.0 = Debug|Any CPU
		{075F1D33-C463-430F-981F-30BCF37ACE73}.Release|Any CPU.ActiveCfg = Release|Any CPU
		{075F1D33-C463-430F-981F-30BCF37ACE73}.Release|Any CPU.Build.0 = Release|Any CPU
		{337647FC-32A5-44C9-9DE2-EAEAF107D02A}.Debug|Any CPU.ActiveCfg = Debug|Any CPU
		{337647FC-32A5-44C9-9DE2-EAEAF107D02A}.Debug|Any CPU.Build.0 = Debug|Any CPU
		{337647FC-32A5-44C9-9DE2-EAEAF107D02A}.Release|Any CPU.ActiveCfg = Release|Any CPU
		{337647FC-32A5-44C9-9DE2-EAEAF107D02A}.Release|Any CPU.Build.0 = Release|Any CPU
		{647C22B5-E119-492E-B725-4C1149D93971}.Debug|Any CPU.ActiveCfg = Debug|Any CPU
		{647C22B5-E119-492E-B725-4C1149D93971}.Debug|Any CPU.Build.0 = Debug|Any CPU
		{647C22B5-E119-492E-B725-4C1149D93971}.Release|Any CPU.ActiveCfg = Release|Any CPU
		{647C22B5-E119-492E-B725-4C1149D93971}.Release|Any CPU.Build.0 = Release|Any CPU
	EndGlobalSection
	GlobalSection(SolutionProperties) = preSolution
		HideSolutionNode = FALSE
	EndGlobalSection
EndGlobal
